dependencies:
- name: postgresql
  repository: https://kubernetes-charts.storage.googleapis.com/
  version: 8.1.5
- name: mysql
  repository: https://kubernetes-charts.storage.googleapis.com/
  version: 1.6.2
digest: sha256:92e40a68b998da75efc39dd56aa6e4b66afcb13ab63db12dfe4a4e185c3cb091
generated: "2020-01-24T14:15:43.030142+01:00"
